{
  "name": "labwc-helpers",
  "lockfileVersion": 3,
  "requires": true,
  "packages": {
    "": {
      "dependencies": {
        "wayland-client": "^1.2.0"
      }
    },
    "node_modules/sax": {
      "version": "1.4.1",
      "resolved": "https://registry.npmjs.org/sax/-/sax-1.4.1.tgz",
      "integrity": "sha512-+aWOz7yVScEGoKNd4PA10LZ8sk0A/z5+nXQG5giUO5rprX9jgYsTdov9qCchZiPIZezbZH+jRut8nPodFAX4Jg==",
      "license": "ISC",
      "optional": true
    },
    "node_modules/wayland-client": {
      "version": "1.2.0",
      "resolved": "https://registry.npmjs.org/wayland-client/-/wayland-client-1.2.0.tgz",
      "integrity": "sha512-r8BQpfRDEF450rc2Y8tN81Z3B+SnTNOUZf+Ry6FGRgwQmraWPyQk9+Hy7ABsBCUGdyVCk3GWex7qTOpKoJP+Lw==",
      "license": "Apache-2.0",
      "bin": {
        "convert-xml": "convert.js"
      },
      "engines": {
        "node": ">=16"
      },
      "optionalDependencies": {
        "xml-js": "^1.6.11"
      }
    },
    "node_modules/xml-js": {
      "version": "1.6.11",
      "resolved": "https://registry.npmjs.org/xml-js/-/xml-js-1.6.11.tgz",
      "integrity": "sha512-7rVi2KMfwfWFl+GpPg6m80IVMWXLRjO+PxTq7V2CDhoGak0wzYzFgUY2m4XJ47OGdXd8eLE8EmwfAmdjw7lC1g==",
      "license": "MIT",
      "optional": true,
      "dependencies": {
        "sax": "^1.2.4"
      },
      "bin": {
        "xml-js": "bin/cli.js"
      }
    }
  }
}
